// !$*UTF8*$!
{
	archiveVersion = 1;
	classes = {
	};
	objectVersion = 46;
	objects = {

/* Begin PBXBuildFile section */
		730183741CBA95C3000F74C0 /* ListInteractorSpec.swift in Sources */ = {isa = PBXBuildFile; fileRef = 730183731CBA95C3000F74C0 /* ListInteractorSpec.swift */; };
		7358B8A61CB1E75C007F0840 /* AppDelegate.swift in Sources */ = {isa = PBXBuildFile; fileRef = 7358B8A51CB1E75C007F0840 /* AppDelegate.swift */; };
		7358B8B31CB3AF27007F0840 /* DataStoreType.swift in Sources */ = {isa = PBXBuildFile; fileRef = 7358B8B21CB3AF27007F0840 /* DataStoreType.swift */; };
		7358B8B51CB3AF2F007F0840 /* TodoType.swift in Sources */ = {isa = PBXBuildFile; fileRef = 7358B8B41CB3AF2F007F0840 /* TodoType.swift */; };
		7358B8B81CB3B240007F0840 /* TodoRealmItem.swift in Sources */ = {isa = PBXBuildFile; fileRef = 7358B8B71CB3B240007F0840 /* TodoRealmItem.swift */; };
		7358B8BA1CB3B2E3007F0840 /* Realm.framework in Frameworks */ = {isa = PBXBuildFile; fileRef = 7358B8B91CB3B2E3007F0840 /* Realm.framework */; };
		7358B8BC1CB3B2E6007F0840 /* RealmSwift.framework in Frameworks */ = {isa = PBXBuildFile; fileRef = 7358B8BB1CB3B2E6007F0840 /* RealmSwift.framework */; };
		7358B8BF1CB3B478007F0840 /* DataStoreRealm.swift in Sources */ = {isa = PBXBuildFile; fileRef = 7358B8BE1CB3B478007F0840 /* DataStoreRealm.swift */; };
		7358B8EC1CB3C64B007F0840 /* DataStoreRealmSpec.swift in Sources */ = {isa = PBXBuildFile; fileRef = 7358B8EB1CB3C64B007F0840 /* DataStoreRealmSpec.swift */; };
		7358B8EF1CB3C671007F0840 /* Nimble.framework in Frameworks */ = {isa = PBXBuildFile; fileRef = 7358B8ED1CB3C671007F0840 /* Nimble.framework */; };
		7358B8F01CB3C671007F0840 /* Quick.framework in Frameworks */ = {isa = PBXBuildFile; fileRef = 7358B8EE1CB3C671007F0840 /* Quick.framework */; };
		7358B8F21CB3C686007F0840 /* Nimble.framework in CopyFiles */ = {isa = PBXBuildFile; fileRef = 7358B8ED1CB3C671007F0840 /* Nimble.framework */; settings = {ATTRIBUTES = (CodeSignOnCopy, RemoveHeadersOnCopy, ); }; };
		7358B8F31CB3C686007F0840 /* Quick.framework in CopyFiles */ = {isa = PBXBuildFile; fileRef = 7358B8EE1CB3C671007F0840 /* Quick.framework */; settings = {ATTRIBUTES = (CodeSignOnCopy, RemoveHeadersOnCopy, ); }; };
		7358B8FB1CB47098007F0840 /* DataManagerType.swift in Sources */ = {isa = PBXBuildFile; fileRef = 7358B8FA1CB47098007F0840 /* DataManagerType.swift */; };
		7358B8FD1CB470C8007F0840 /* AddDataManager.swift in Sources */ = {isa = PBXBuildFile; fileRef = 7358B8FC1CB470C8007F0840 /* AddDataManager.swift */; };
		7358B9011CB471D7007F0840 /* ListDataManager.swift in Sources */ = {isa = PBXBuildFile; fileRef = 7358B9001CB471D7007F0840 /* ListDataManager.swift */; };
		7358B9051CB47E4B007F0840 /* AddInteractor.swift in Sources */ = {isa = PBXBuildFile; fileRef = 7358B9041CB47E4B007F0840 /* AddInteractor.swift */; };
		7358B9071CB47ED2007F0840 /* ListInteractor.swift in Sources */ = {isa = PBXBuildFile; fileRef = 7358B9061CB47ED2007F0840 /* ListInteractor.swift */; };
		7358B9091CB480C1007F0840 /* ListInteractorIO.swift in Sources */ = {isa = PBXBuildFile; fileRef = 7358B9081CB480C1007F0840 /* ListInteractorIO.swift */; };
		7358B90C1CB484CE007F0840 /* NSDate+Addition.swift in Sources */ = {isa = PBXBuildFile; fileRef = 7358B90B1CB484CE007F0840 /* NSDate+Addition.swift */; };
		7382F3B31CB14F3900A3BDDA /* Assets.xcassets in Resources */ = {isa = PBXBuildFile; fileRef = 7382F3B21CB14F3900A3BDDA /* Assets.xcassets */; };
		7382F3B61CB14F3900A3BDDA /* LaunchScreen.storyboard in Resources */ = {isa = PBXBuildFile; fileRef = 7382F3B41CB14F3900A3BDDA /* LaunchScreen.storyboard */; };
		73ED285A1CBA8E3A00AA42AC /* DataStoreUtils.swift in Sources */ = {isa = PBXBuildFile; fileRef = 73ED28591CBA8E3A00AA42AC /* DataStoreUtils.swift */; };
		73ED285C1CBA904200AA42AC /* NSDate+Addition.swift in Sources */ = {isa = PBXBuildFile; fileRef = 73ED285B1CBA904200AA42AC /* NSDate+Addition.swift */; };
/* End PBXBuildFile section */

/* Begin PBXContainerItemProxy section */
		7358B8E31CB3C540007F0840 /* PBXContainerItemProxy */ = {
			isa = PBXContainerItemProxy;
			containerPortal = 7382F3A01CB14F3900A3BDDA /* Project object */;
			proxyType = 1;
			remoteGlobalIDString = 7382F3A71CB14F3900A3BDDA;
			remoteInfo = swiftyVIPER;
		};
/* End PBXContainerItemProxy section */

/* Begin PBXCopyFilesBuildPhase section */
		7358B8F11CB3C67E007F0840 /* CopyFiles */ = {
			isa = PBXCopyFilesBuildPhase;
			buildActionMask = 2147483647;
			dstPath = "";
			dstSubfolderSpec = 10;
			files = (
				7358B8F21CB3C686007F0840 /* Nimble.framework in CopyFiles */,
				7358B8F31CB3C686007F0840 /* Quick.framework in CopyFiles */,
			);
			runOnlyForDeploymentPostprocessing = 0;
		};
/* End PBXCopyFilesBuildPhase section */

/* Begin PBXFileReference section */
		730183731CBA95C3000F74C0 /* ListInteractorSpec.swift */ = {isa = PBXFileReference; fileEncoding = 4; lastKnownFileType = sourcecode.swift; path = ListInteractorSpec.swift; sourceTree = "<group>"; };
		7358B8A51CB1E75C007F0840 /* AppDelegate.swift */ = {isa = PBXFileReference; fileEncoding = 4; lastKnownFileType = sourcecode.swift; path = AppDelegate.swift; sourceTree = "<group>"; };
		7358B8B21CB3AF27007F0840 /* DataStoreType.swift */ = {isa = PBXFileReference; fileEncoding = 4; lastKnownFileType = sourcecode.swift; path = DataStoreType.swift; sourceTree = "<group>"; };
		7358B8B41CB3AF2F007F0840 /* TodoType.swift */ = {isa = PBXFileReference; fileEncoding = 4; lastKnownFileType = sourcecode.swift; path = TodoType.swift; sourceTree = "<group>"; };
		7358B8B71CB3B240007F0840 /* TodoRealmItem.swift */ = {isa = PBXFileReference; fileEncoding = 4; lastKnownFileType = sourcecode.swift; path = TodoRealmItem.swift; sourceTree = "<group>"; };
		7358B8B91CB3B2E3007F0840 /* Realm.framework */ = {isa = PBXFileReference; lastKnownFileType = wrapper.framework; name = Realm.framework; path = Carthage/Build/iOS/Realm.framework; sourceTree = "<group>"; };
		7358B8BB1CB3B2E6007F0840 /* RealmSwift.framework */ = {isa = PBXFileReference; lastKnownFileType = wrapper.framework; name = RealmSwift.framework; path = Carthage/Build/iOS/RealmSwift.framework; sourceTree = "<group>"; };
		7358B8BE1CB3B478007F0840 /* DataStoreRealm.swift */ = {isa = PBXFileReference; fileEncoding = 4; lastKnownFileType = sourcecode.swift; path = DataStoreRealm.swift; sourceTree = "<group>"; };
		7358B8DE1CB3C540007F0840 /* swiftyVIPERTests.xctest */ = {isa = PBXFileReference; explicitFileType = wrapper.cfbundle; includeInIndex = 0; path = swiftyVIPERTests.xctest; sourceTree = BUILT_PRODUCTS_DIR; };
		7358B8E21CB3C540007F0840 /* Info.plist */ = {isa = PBXFileReference; lastKnownFileType = text.plist.xml; path = Info.plist; sourceTree = "<group>"; };
		7358B8EB1CB3C64B007F0840 /* DataStoreRealmSpec.swift */ = {isa = PBXFileReference; fileEncoding = 4; lastKnownFileType = sourcecode.swift; path = DataStoreRealmSpec.swift; sourceTree = "<group>"; };
		7358B8ED1CB3C671007F0840 /* Nimble.framework */ = {isa = PBXFileReference; lastKnownFileType = wrapper.framework; name = Nimble.framework; path = Carthage/Build/iOS/Nimble.framework; sourceTree = "<group>"; };
		7358B8EE1CB3C671007F0840 /* Quick.framework */ = {isa = PBXFileReference; lastKnownFileType = wrapper.framework; name = Quick.framework; path = Carthage/Build/iOS/Quick.framework; sourceTree = "<group>"; };
		7358B8FA1CB47098007F0840 /* DataManagerType.swift */ = {isa = PBXFileReference; fileEncoding = 4; lastKnownFileType = sourcecode.swift; path = DataManagerType.swift; sourceTree = "<group>"; };
		7358B8FC1CB470C8007F0840 /* AddDataManager.swift */ = {isa = PBXFileReference; fileEncoding = 4; lastKnownFileType = sourcecode.swift; path = AddDataManager.swift; sourceTree = "<group>"; };
		7358B9001CB471D7007F0840 /* ListDataManager.swift */ = {isa = PBXFileReference; fileEncoding = 4; lastKnownFileType = sourcecode.swift; path = ListDataManager.swift; sourceTree = "<group>"; };
		7358B9041CB47E4B007F0840 /* AddInteractor.swift */ = {isa = PBXFileReference; fileEncoding = 4; lastKnownFileType = sourcecode.swift; path = AddInteractor.swift; sourceTree = "<group>"; };
		7358B9061CB47ED2007F0840 /* ListInteractor.swift */ = {isa = PBXFileReference; fileEncoding = 4; lastKnownFileType = sourcecode.swift; path = ListInteractor.swift; sourceTree = "<group>"; };
		7358B9081CB480C1007F0840 /* ListInteractorIO.swift */ = {isa = PBXFileReference; fileEncoding = 4; lastKnownFileType = sourcecode.swift; path = ListInteractorIO.swift; sourceTree = "<group>"; };
		7358B90B1CB484CE007F0840 /* NSDate+Addition.swift */ = {isa = PBXFileReference; fileEncoding = 4; lastKnownFileType = sourcecode.swift; path = "NSDate+Addition.swift"; sourceTree = "<group>"; };
		7382F3A81CB14F3900A3BDDA /* swiftyVIPER.app */ = {isa = PBXFileReference; explicitFileType = wrapper.application; includeInIndex = 0; path = swiftyVIPER.app; sourceTree = BUILT_PRODUCTS_DIR; };
		7382F3B21CB14F3900A3BDDA /* Assets.xcassets */ = {isa = PBXFileReference; lastKnownFileType = folder.assetcatalog; path = Assets.xcassets; sourceTree = "<group>"; };
		7382F3B51CB14F3900A3BDDA /* Base */ = {isa = PBXFileReference; lastKnownFileType = file.storyboard; name = Base; path = Base.lproj/LaunchScreen.storyboard; sourceTree = "<group>"; };
		7382F3B71CB14F3900A3BDDA /* Info.plist */ = {isa = PBXFileReference; lastKnownFileType = text.plist.xml; path = Info.plist; sourceTree = "<group>"; };
		73ED28591CBA8E3A00AA42AC /* DataStoreUtils.swift */ = {isa = PBXFileReference; fileEncoding = 4; lastKnownFileType = sourcecode.swift; path = DataStoreUtils.swift; sourceTree = "<group>"; };
		73ED285B1CBA904200AA42AC /* NSDate+Addition.swift */ = {isa = PBXFileReference; fileEncoding = 4; lastKnownFileType = sourcecode.swift; path = "NSDate+Addition.swift"; sourceTree = "<group>"; };
/* End PBXFileReference section */

/* Begin PBXFrameworksBuildPhase section */
		7358B8DB1CB3C540007F0840 /* Frameworks */ = {
			isa = PBXFrameworksBuildPhase;
			buildActionMask = 2147483647;
			files = (
				7358B8EF1CB3C671007F0840 /* Nimble.framework in Frameworks */,
				7358B8F01CB3C671007F0840 /* Quick.framework in Frameworks */,
			);
			runOnlyForDeploymentPostprocessing = 0;
		};
		7382F3A51CB14F3900A3BDDA /* Frameworks */ = {
			isa = PBXFrameworksBuildPhase;
			buildActionMask = 2147483647;
			files = (
				7358B8BA1CB3B2E3007F0840 /* Realm.framework in Frameworks */,
				7358B8BC1CB3B2E6007F0840 /* RealmSwift.framework in Frameworks */,
			);
			runOnlyForDeploymentPostprocessing = 0;
		};
/* End PBXFrameworksBuildPhase section */

/* Begin PBXGroup section */
		730183701CBA9583000F74C0 /* modules */ = {
			isa = PBXGroup;
			children = (
				730183711CBA9597000F74C0 /* list */,
			);
			path = modules;
			sourceTree = "<group>";
		};
		730183711CBA9597000F74C0 /* list */ = {
			isa = PBXGroup;
			children = (
				730183721CBA95A9000F74C0 /* applicationlogic */,
			);
			path = list;
			sourceTree = "<group>";
		};
		730183721CBA95A9000F74C0 /* applicationlogic */ = {
			isa = PBXGroup;
			children = (
				730183731CBA95C3000F74C0 /* ListInteractorSpec.swift */,
			);
			path = applicationlogic;
			sourceTree = "<group>";
		};
		7358B8A41CB1E754007F0840 /* application */ = {
			isa = PBXGroup;
			children = (
				7358B8A51CB1E75C007F0840 /* AppDelegate.swift */,
			);
			path = application;
			sourceTree = "<group>";
		};
		7358B8A71CB1E829007F0840 /* model */ = {
			isa = PBXGroup;
			children = (
				7358B8B11CB3AF22007F0840 /* datastore */,
				7358B8B01CB3AF1D007F0840 /* entity */,
			);
			path = model;
			sourceTree = "<group>";
		};
		7358B8B01CB3AF1D007F0840 /* entity */ = {
			isa = PBXGroup;
			children = (
				7358B8B41CB3AF2F007F0840 /* TodoType.swift */,
				7358B8B71CB3B240007F0840 /* TodoRealmItem.swift */,
			);
			path = entity;
			sourceTree = "<group>";
		};
		7358B8B11CB3AF22007F0840 /* datastore */ = {
			isa = PBXGroup;
			children = (
				7358B8B21CB3AF27007F0840 /* DataStoreType.swift */,
				7358B8BE1CB3B478007F0840 /* DataStoreRealm.swift */,
			);
			path = datastore;
			sourceTree = "<group>";
		};
		7358B8BD1CB3B2F9007F0840 /* Frameworks */ = {
			isa = PBXGroup;
			children = (
				7358B8ED1CB3C671007F0840 /* Nimble.framework */,
				7358B8EE1CB3C671007F0840 /* Quick.framework */,
				7358B8BB1CB3B2E6007F0840 /* RealmSwift.framework */,
				7358B8B91CB3B2E3007F0840 /* Realm.framework */,
			);
			name = Frameworks;
			sourceTree = "<group>";
		};
		7358B8DF1CB3C540007F0840 /* swiftyVIPERTests */ = {
			isa = PBXGroup;
			children = (
				7358B8E81CB3C626007F0840 /* classes */,
				73ED28581CBA8E2200AA42AC /* testutils */,
				7358B8E21CB3C540007F0840 /* Info.plist */,
			);
			path = swiftyVIPERTests;
			sourceTree = "<group>";
		};
		7358B8E81CB3C626007F0840 /* classes */ = {
			isa = PBXGroup;
			children = (
				7358B8E91CB3C631007F0840 /* model */,
				730183701CBA9583000F74C0 /* modules */,
			);
			path = classes;
			sourceTree = "<group>";
		};
		7358B8E91CB3C631007F0840 /* model */ = {
			isa = PBXGroup;
			children = (
				7358B8EA1CB3C638007F0840 /* datastore */,
			);
			path = model;
			sourceTree = "<group>";
		};
		7358B8EA1CB3C638007F0840 /* datastore */ = {
			isa = PBXGroup;
			children = (
				7358B8EB1CB3C64B007F0840 /* DataStoreRealmSpec.swift */,
			);
			path = datastore;
			sourceTree = "<group>";
		};
		7358B8F41CB47059007F0840 /* modules */ = {
			isa = PBXGroup;
			children = (
				7358B8F91CB47089007F0840 /* protocol */,
				7358B8F51CB47059007F0840 /* add */,
				7358B8FE1CB471BA007F0840 /* list */,
			);
			path = modules;
			sourceTree = "<group>";
		};
		7358B8F51CB47059007F0840 /* add */ = {
			isa = PBXGroup;
			children = (
				7358B8F61CB47059007F0840 /* applicationlogic */,
			);
			path = add;
			sourceTree = "<group>";
		};
		7358B8F61CB47059007F0840 /* applicationlogic */ = {
			isa = PBXGroup;
			children = (
				7358B8FC1CB470C8007F0840 /* AddDataManager.swift */,
				7358B9041CB47E4B007F0840 /* AddInteractor.swift */,
			);
			path = applicationlogic;
			sourceTree = "<group>";
		};
		7358B8F91CB47089007F0840 /* protocol */ = {
			isa = PBXGroup;
			children = (
				7358B8FA1CB47098007F0840 /* DataManagerType.swift */,
			);
			path = protocol;
			sourceTree = "<group>";
		};
		7358B8FE1CB471BA007F0840 /* list */ = {
			isa = PBXGroup;
			children = (
				7358B8FF1CB471CC007F0840 /* applicationlogic */,
			);
			path = list;
			sourceTree = "<group>";
		};
		7358B8FF1CB471CC007F0840 /* applicationlogic */ = {
			isa = PBXGroup;
			children = (
				7358B9001CB471D7007F0840 /* ListDataManager.swift */,
				7358B9081CB480C1007F0840 /* ListInteractorIO.swift */,
				7358B9061CB47ED2007F0840 /* ListInteractor.swift */,
			);
			path = applicationlogic;
			sourceTree = "<group>";
		};
		7358B90A1CB484B7007F0840 /* extension */ = {
			isa = PBXGroup;
			children = (
				7358B90B1CB484CE007F0840 /* NSDate+Addition.swift */,
			);
			path = extension;
			sourceTree = "<group>";
		};
		7382F39F1CB14F3900A3BDDA = {
			isa = PBXGroup;
			children = (
				7382F3AA1CB14F3900A3BDDA /* swiftyVIPER */,
				7358B8DF1CB3C540007F0840 /* swiftyVIPERTests */,
				7358B8BD1CB3B2F9007F0840 /* Frameworks */,
				7382F3A91CB14F3900A3BDDA /* Products */,
			);
			sourceTree = "<group>";
		};
		7382F3A91CB14F3900A3BDDA /* Products */ = {
			isa = PBXGroup;
			children = (
				7382F3A81CB14F3900A3BDDA /* swiftyVIPER.app */,
				7358B8DE1CB3C540007F0840 /* swiftyVIPERTests.xctest */,
			);
			name = Products;
			sourceTree = "<group>";
		};
		7382F3AA1CB14F3900A3BDDA /* swiftyVIPER */ = {
			isa = PBXGroup;
			children = (
				7382F3BD1CB1506A00A3BDDA /* classes */,
				7382F3B21CB14F3900A3BDDA /* Assets.xcassets */,
				7382F3B41CB14F3900A3BDDA /* LaunchScreen.storyboard */,
				7382F3B71CB14F3900A3BDDA /* Info.plist */,
			);
			path = swiftyVIPER;
			sourceTree = "<group>";
		};
		7382F3BD1CB1506A00A3BDDA /* classes */ = {
			isa = PBXGroup;
			children = (
				7358B8A41CB1E754007F0840 /* application */,
				7358B90A1CB484B7007F0840 /* extension */,
				7358B8A71CB1E829007F0840 /* model */,
				7358B8F41CB47059007F0840 /* modules */,
			);
			path = classes;
			sourceTree = "<group>";
		};
		73ED28581CBA8E2200AA42AC /* testutils */ = {
			isa = PBXGroup;
			children = (
				73ED28591CBA8E3A00AA42AC /* DataStoreUtils.swift */,
				73ED285B1CBA904200AA42AC /* NSDate+Addition.swift */,
			);
			path = testutils;
			sourceTree = "<group>";
		};
/* End PBXGroup section */

/* Begin PBXNativeTarget section */
		7358B8DD1CB3C540007F0840 /* swiftyVIPERTests */ = {
			isa = PBXNativeTarget;
			buildConfigurationList = 7358B8E71CB3C540007F0840 /* Build configuration list for PBXNativeTarget "swiftyVIPERTests" */;
			buildPhases = (
				7358B8DA1CB3C540007F0840 /* Sources */,
				7358B8DB1CB3C540007F0840 /* Frameworks */,
				7358B8DC1CB3C540007F0840 /* Resources */,
				7358B8F11CB3C67E007F0840 /* CopyFiles */,
			);
			buildRules = (
			);
			dependencies = (
				7358B8E41CB3C540007F0840 /* PBXTargetDependency */,
			);
			name = swiftyVIPERTests;
			productName = swiftyVIPERTests;
			productReference = 7358B8DE1CB3C540007F0840 /* swiftyVIPERTests.xctest */;
			productType = "com.apple.product-type.bundle.unit-test";
		};
		7382F3A71CB14F3900A3BDDA /* swiftyVIPER */ = {
			isa = PBXNativeTarget;
			buildConfigurationList = 7382F3BA1CB14F3900A3BDDA /* Build configuration list for PBXNativeTarget "swiftyVIPER" */;
			buildPhases = (
				7382F3A41CB14F3900A3BDDA /* Sources */,
				7382F3A51CB14F3900A3BDDA /* Frameworks */,
				7382F3A61CB14F3900A3BDDA /* Resources */,
				7358B8B61CB3B116007F0840 /* Carthage */,
			);
			buildRules = (
			);
			dependencies = (
			);
			name = swiftyVIPER;
			productName = swiftyVIPER;
			productReference = 7382F3A81CB14F3900A3BDDA /* swiftyVIPER.app */;
			productType = "com.apple.product-type.application";
		};
/* End PBXNativeTarget section */

/* Begin PBXProject section */
		7382F3A01CB14F3900A3BDDA /* Project object */ = {
			isa = PBXProject;
			attributes = {
				LastSwiftUpdateCheck = 0730;
				LastUpgradeCheck = 0730;
				ORGANIZATIONNAME = "Kohei Tabata";
				TargetAttributes = {
					7358B8DD1CB3C540007F0840 = {
						CreatedOnToolsVersion = 7.3;
						TestTargetID = 7382F3A71CB14F3900A3BDDA;
					};
					7382F3A71CB14F3900A3BDDA = {
						CreatedOnToolsVersion = 7.3;
					};
				};
			};
			buildConfigurationList = 7382F3A31CB14F3900A3BDDA /* Build configuration list for PBXProject "swiftyVIPER" */;
			compatibilityVersion = "Xcode 3.2";
			developmentRegion = English;
			hasScannedForEncodings = 0;
			knownRegions = (
				en,
				Base,
			);
			mainGroup = 7382F39F1CB14F3900A3BDDA;
			productRefGroup = 7382F3A91CB14F3900A3BDDA /* Products */;
			projectDirPath = "";
			projectRoot = "";
			targets = (
				7382F3A71CB14F3900A3BDDA /* swiftyVIPER */,
				7358B8DD1CB3C540007F0840 /* swiftyVIPERTests */,
			);
		};
/* End PBXProject section */

/* Begin PBXResourcesBuildPhase section */
		7358B8DC1CB3C540007F0840 /* Resources */ = {
			isa = PBXResourcesBuildPhase;
			buildActionMask = 2147483647;
			files = (
			);
			runOnlyForDeploymentPostprocessing = 0;
		};
		7382F3A61CB14F3900A3BDDA /* Resources */ = {
			isa = PBXResourcesBuildPhase;
			buildActionMask = 2147483647;
			files = (
				7382F3B61CB14F3900A3BDDA /* LaunchScreen.storyboard in Resources */,
				7382F3B31CB14F3900A3BDDA /* Assets.xcassets in Resources */,
			);
			runOnlyForDeploymentPostprocessing = 0;
		};
/* End PBXResourcesBuildPhase section */

/* Begin PBXShellScriptBuildPhase section */
		7358B8B61CB3B116007F0840 /* Carthage */ = {
			isa = PBXShellScriptBuildPhase;
			buildActionMask = 2147483647;
			files = (
			);
			inputPaths = (
				"$(SRCROOT)/Carthage/Build/iOS/Realm.framework",
				"$(SRCROOT)/Carthage/Build/iOS/RealmSwift.framework",
			);
			name = Carthage;
			outputPaths = (
			);
			runOnlyForDeploymentPostprocessing = 0;
			shellPath = /bin/sh;
			shellScript = "/usr/local/bin/carthage copy-frameworks";
		};
/* End PBXShellScriptBuildPhase section */

/* Begin PBXSourcesBuildPhase section */
		7358B8DA1CB3C540007F0840 /* Sources */ = {
			isa = PBXSourcesBuildPhase;
			buildActionMask = 2147483647;
			files = (
				7358B8EC1CB3C64B007F0840 /* DataStoreRealmSpec.swift in Sources */,
				730183741CBA95C3000F74C0 /* ListInteractorSpec.swift in Sources */,
				73ED285A1CBA8E3A00AA42AC /* DataStoreUtils.swift in Sources */,
				73ED285C1CBA904200AA42AC /* NSDate+Addition.swift in Sources */,
			);
			runOnlyForDeploymentPostprocessing = 0;
		};
		7382F3A41CB14F3900A3BDDA /* Sources */ = {
			isa = PBXSourcesBuildPhase;
			buildActionMask = 2147483647;
			files = (
				7358B8BF1CB3B478007F0840 /* DataStoreRealm.swift in Sources */,
				7358B9011CB471D7007F0840 /* ListDataManager.swift in Sources */,
				7358B8FD1CB470C8007F0840 /* AddDataManager.swift in Sources */,
				7358B8FB1CB47098007F0840 /* DataManagerType.swift in Sources */,
				7358B9091CB480C1007F0840 /* ListInteractorIO.swift in Sources */,
				7358B8B81CB3B240007F0840 /* TodoRealmItem.swift in Sources */,
				7358B8A61CB1E75C007F0840 /* AppDelegate.swift in Sources */,
				7358B9051CB47E4B007F0840 /* AddInteractor.swift in Sources */,
				7358B9071CB47ED2007F0840 /* ListInteractor.swift in Sources */,
				7358B8B51CB3AF2F007F0840 /* TodoType.swift in Sources */,
				7358B8B31CB3AF27007F0840 /* DataStoreType.swift in Sources */,
				7358B90C1CB484CE007F0840 /* NSDate+Addition.swift in Sources */,
			);
			runOnlyForDeploymentPostprocessing = 0;
		};
/* End PBXSourcesBuildPhase section */

/* Begin PBXTargetDependency section */
		7358B8E41CB3C540007F0840 /* PBXTargetDependency */ = {
			isa = PBXTargetDependency;
			target = 7382F3A71CB14F3900A3BDDA /* swiftyVIPER */;
			targetProxy = 7358B8E31CB3C540007F0840 /* PBXContainerItemProxy */;
		};
/* End PBXTargetDependency section */

/* Begin PBXVariantGroup section */
		7382F3B41CB14F3900A3BDDA /* LaunchScreen.storyboard */ = {
			isa = PBXVariantGroup;
			children = (
				7382F3B51CB14F3900A3BDDA /* Base */,
			);
			name = LaunchScreen.storyboard;
			sourceTree = "<group>";
		};
/* End PBXVariantGroup section */

/* Begin XCBuildConfiguration section */
		7358B8E51CB3C540007F0840 /* Debug */ = {
			isa = XCBuildConfiguration;
			buildSettings = {
				BUNDLE_LOADER = "$(TEST_HOST)";
				CLANG_ENABLE_MODULES = YES;
				FRAMEWORK_SEARCH_PATHS = (
					"$(inherited)",
					"$(PROJECT_DIR)/Carthage/Build/iOS",
				);
				INFOPLIST_FILE = swiftyVIPERTests/Info.plist;
				IPHONEOS_DEPLOYMENT_TARGET = 9.3;
				LD_RUNPATH_SEARCH_PATHS = "$(inherited) @executable_path/Frameworks @loader_path/Frameworks";
				PRODUCT_BUNDLE_IDENTIFIER = com.nerd0geek1.swiftyVIPERTests;
				PRODUCT_NAME = "$(TARGET_NAME)";
				SWIFT_OPTIMIZATION_LEVEL = "-Onone";
				TEST_HOST = "$(BUILT_PRODUCTS_DIR)/swiftyVIPER.app/swiftyVIPER";
			};
			name = Debug;
		};
		7358B8E61CB3C540007F0840 /* Release */ = {
			isa = XCBuildConfiguration;
			buildSettings = {
				BUNDLE_LOADER = "$(TEST_HOST)";
				CLANG_ENABLE_MODULES = YES;
				FRAMEWORK_SEARCH_PATHS = (
					"$(inherited)",
					"$(PROJECT_DIR)/Carthage/Build/iOS",
				);
				INFOPLIST_FILE = swiftyVIPERTests/Info.plist;
				IPHONEOS_DEPLOYMENT_TARGET = 9.3;
				LD_RUNPATH_SEARCH_PATHS = "$(inherited) @executable_path/Frameworks @loader_path/Frameworks";
				PRODUCT_BUNDLE_IDENTIFIER = com.nerd0geek1.swiftyVIPERTests;
				PRODUCT_NAME = "$(TARGET_NAME)";
				TEST_HOST = "$(BUILT_PRODUCTS_DIR)/swiftyVIPER.app/swiftyVIPER";
			};
			name = Release;
		};
		7382F3B81CB14F3900A3BDDA /* Debug */ = {
			isa = XCBuildConfiguration;
			buildSettings = {
				ALWAYS_SEARCH_USER_PATHS = NO;
				CLANG_ANALYZER_NONNULL = YES;
				CLANG_CXX_LANGUAGE_STANDARD = "gnu++0x";
				CLANG_CXX_LIBRARY = "libc++";
				CLANG_ENABLE_MODULES = YES;
				CLANG_ENABLE_OBJC_ARC = YES;
				CLANG_WARN_BOOL_CONVERSION = YES;
				CLANG_WARN_CONSTANT_CONVERSION = YES;
				CLANG_WARN_DIRECT_OBJC_ISA_USAGE = YES_ERROR;
				CLANG_WARN_EMPTY_BODY = YES;
				CLANG_WARN_ENUM_CONVERSION = YES;
				CLANG_WARN_INT_CONVERSION = YES;
				CLANG_WARN_OBJC_ROOT_CLASS = YES_ERROR;
				CLANG_WARN_UNREACHABLE_CODE = YES;
				CLANG_WARN__DUPLICATE_METHOD_MATCH = YES;
				"CODE_SIGN_IDENTITY[sdk=iphoneos*]" = "iPhone Developer";
				COPY_PHASE_STRIP = NO;
				DEBUG_INFORMATION_FORMAT = dwarf;
				ENABLE_STRICT_OBJC_MSGSEND = YES;
				ENABLE_TESTABILITY = YES;
				GCC_C_LANGUAGE_STANDARD = gnu99;
				GCC_DYNAMIC_NO_PIC = NO;
				GCC_NO_COMMON_BLOCKS = YES;
				GCC_OPTIMIZATION_LEVEL = 0;
				GCC_PREPROCESSOR_DEFINITIONS = (
					"DEBUG=1",
					"$(inherited)",
				);
				GCC_WARN_64_TO_32_BIT_CONVERSION = YES;
				GCC_WARN_ABOUT_RETURN_TYPE = YES_ERROR;
				GCC_WARN_UNDECLARED_SELECTOR = YES;
				GCC_WARN_UNINITIALIZED_AUTOS = YES_AGGRESSIVE;
				GCC_WARN_UNUSED_FUNCTION = YES;
				GCC_WARN_UNUSED_VARIABLE = YES;
				IPHONEOS_DEPLOYMENT_TARGET = 9.0;
				MTL_ENABLE_DEBUG_INFO = YES;
				ONLY_ACTIVE_ARCH = YES;
				SDKROOT = iphoneos;
				SWIFT_OPTIMIZATION_LEVEL = "-Onone";
			};
			name = Debug;
		};
		7382F3B91CB14F3900A3BDDA /* Release */ = {
			isa = XCBuildConfiguration;
			buildSettings = {
				ALWAYS_SEARCH_USER_PATHS = NO;
				CLANG_ANALYZER_NONNULL = YES;
				CLANG_CXX_LANGUAGE_STANDARD = "gnu++0x";
				CLANG_CXX_LIBRARY = "libc++";
				CLANG_ENABLE_MODULES = YES;
				CLANG_ENABLE_OBJC_ARC = YES;
				CLANG_WARN_BOOL_CONVERSION = YES;
				CLANG_WARN_CONSTANT_CONVERSION = YES;
				CLANG_WARN_DIRECT_OBJC_ISA_USAGE = YES_ERROR;
				CLANG_WARN_EMPTY_BODY = YES;
				CLANG_WARN_ENUM_CONVERSION = YES;
				CLANG_WARN_INT_CONVERSION = YES;
				CLANG_WARN_OBJC_ROOT_CLASS = YES_ERROR;
				CLANG_WARN_UNREACHABLE_CODE = YES;
				CLANG_WARN__DUPLICATE_METHOD_MATCH = YES;
				"CODE_SIGN_IDENTITY[sdk=iphoneos*]" = "iPhone Developer";
				COPY_PHASE_STRIP = NO;
				DEBUG_INFORMATION_FORMAT = "dwarf-with-dsym";
				ENABLE_NS_ASSERTIONS = NO;
				ENABLE_STRICT_OBJC_MSGSEND = YES;
				GCC_C_LANGUAGE_STANDARD = gnu99;
				GCC_NO_COMMON_BLOCKS = YES;
				GCC_WARN_64_TO_32_BIT_CONVERSION = YES;
				GCC_WARN_ABOUT_RETURN_TYPE = YES_ERROR;
				GCC_WARN_UNDECLARED_SELECTOR = YES;
				GCC_WARN_UNINITIALIZED_AUTOS = YES_AGGRESSIVE;
				GCC_WARN_UNUSED_FUNCTION = YES;
				GCC_WARN_UNUSED_VARIABLE = YES;
				IPHONEOS_DEPLOYMENT_TARGET = 9.0;
				MTL_ENABLE_DEBUG_INFO = NO;
				SDKROOT = iphoneos;
				VALIDATE_PRODUCT = YES;
			};
			name = Release;
		};
		7382F3BB1CB14F3900A3BDDA /* Debug */ = {
			isa = XCBuildConfiguration;
			buildSettings = {
				ASSETCATALOG_COMPILER_APPICON_NAME = AppIcon;
				CLANG_ENABLE_MODULES = YES;
				FRAMEWORK_SEARCH_PATHS = (
					"$(inherited)",
					"$(PROJECT_DIR)/Carthage/Build/iOS",
				);
				INFOPLIST_FILE = swiftyVIPER/Info.plist;
				LD_RUNPATH_SEARCH_PATHS = "$(inherited) @executable_path/Frameworks";
				PRODUCT_BUNDLE_IDENTIFIER = com.nerd0geek1.swiftyVIPER;
				PRODUCT_NAME = "$(TARGET_NAME)";
				SWIFT_OPTIMIZATION_LEVEL = "-Onone";
			};
			name = Debug;
		};
		7382F3BC1CB14F3900A3BDDA /* Release */ = {
			isa = XCBuildConfiguration;
			buildSettings = {
				ASSETCATALOG_COMPILER_APPICON_NAME = AppIcon;
				CLANG_ENABLE_MODULES = YES;
				FRAMEWORK_SEARCH_PATHS = (
					"$(inherited)",
					"$(PROJECT_DIR)/Carthage/Build/iOS",
				);
				INFOPLIST_FILE = swiftyVIPER/Info.plist;
				LD_RUNPATH_SEARCH_PATHS = "$(inherited) @executable_path/Frameworks";
				PRODUCT_BUNDLE_IDENTIFIER = com.nerd0geek1.swiftyVIPER;
				PRODUCT_NAME = "$(TARGET_NAME)";
			};
			name = Release;
		};
/* End XCBuildConfiguration section */

/* Begin XCConfigurationList section */
		7358B8E71CB3C540007F0840 /* Build configuration list for PBXNativeTarget "swiftyVIPERTests" */ = {
			isa = XCConfigurationList;
			buildConfigurations = (
				7358B8E51CB3C540007F0840 /* Debug */,
				7358B8E61CB3C540007F0840 /* Release */,
			);
			defaultConfigurationIsVisible = 0;
			defaultConfigurationName = Release;
		};
		7382F3A31CB14F3900A3BDDA /* Build configuration list for PBXProject "swiftyVIPER" */ = {
			isa = XCConfigurationList;
			buildConfigurations = (
				7382F3B81CB14F3900A3BDDA /* Debug */,
				7382F3B91CB14F3900A3BDDA /* Release */,
			);
			defaultConfigurationIsVisible = 0;
			defaultConfigurationName = Release;
		};
		7382F3BA1CB14F3900A3BDDA /* Build configuration list for PBXNativeTarget "swiftyVIPER" */ = {
			isa = XCConfigurationList;
			buildConfigurations = (
				7382F3BB1CB14F3900A3BDDA /* Debug */,
				7382F3BC1CB14F3900A3BDDA /* Release */,
			);
			defaultConfigurationIsVisible = 0;
			defaultConfigurationName = Release;
		};
/* End XCConfigurationList section */
	};
	rootObject = 7382F3A01CB14F3900A3BDDA /* Project object */;
}
